// !$*UTF8*$!
{
	archiveVersion = 1;
	classes = {
	};
	objectVersion = 56;
	objects = {

/* Begin PBXBuildFile section */
		791EC7852A25DDC80087E453 /* UIViewExtension.swift in Sources */ = {isa = PBXBuildFile; fileRef = 791EC7842A25DDC80087E453 /* UIViewExtension.swift */; };
		791EC7872A25DDDA0087E453 /* UIStackViewExtension.swift in Sources */ = {isa = PBXBuildFile; fileRef = 791EC7862A25DDDA0087E453 /* UIStackViewExtension.swift */; };
		791EC78B2A25E2250087E453 /* GoogleService-Info.plist in Resources */ = {isa = PBXBuildFile; fileRef = 791EC78A2A25E2250087E453 /* GoogleService-Info.plist */; };
		791EC78F2A25ECE40087E453 /* User.swift in Sources */ = {isa = PBXBuildFile; fileRef = 791EC78E2A25ECE40087E453 /* User.swift */; };
		791EC7912A25EFEE0087E453 /* AuthManager.swift in Sources */ = {isa = PBXBuildFile; fileRef = 791EC7902A25EFEE0087E453 /* AuthManager.swift */; };
		791EC7972A25FD5B0087E453 /* PostCVCell.swift in Sources */ = {isa = PBXBuildFile; fileRef = 791EC7962A25FD5B0087E453 /* PostCVCell.swift */; };
		791EC7992A25FD620087E453 /* PostCVDelegate.swift in Sources */ = {isa = PBXBuildFile; fileRef = 791EC7982A25FD620087E453 /* PostCVDelegate.swift */; };
		791EC79C2A25FD9A0087E453 /* CustomButton.swift in Sources */ = {isa = PBXBuildFile; fileRef = 791EC79B2A25FD9A0087E453 /* CustomButton.swift */; };
		791EC79E2A25FD9E0087E453 /* CustomLabel.swift in Sources */ = {isa = PBXBuildFile; fileRef = 791EC79D2A25FD9E0087E453 /* CustomLabel.swift */; };
		791EC7A02A25FE8D0087E453 /* PostCV.swift in Sources */ = {isa = PBXBuildFile; fileRef = 791EC79F2A25FE8D0087E453 /* PostCV.swift */; };
		791EC7A32A2601850087E453 /* PostCreateVC.swift in Sources */ = {isa = PBXBuildFile; fileRef = 791EC7A22A2601850087E453 /* PostCreateVC.swift */; };
		791EC7A52A2601A90087E453 /* FirebaseManager.swift in Sources */ = {isa = PBXBuildFile; fileRef = 791EC7A42A2601A90087E453 /* FirebaseManager.swift */; };
		791EC7A92A2602030087E453 /* Post.swift in Sources */ = {isa = PBXBuildFile; fileRef = 791EC7A82A2602030087E453 /* Post.swift */; };
		791EC7AC2A26060E0087E453 /* TagCell.swift in Sources */ = {isa = PBXBuildFile; fileRef = 791EC7AB2A26060E0087E453 /* TagCell.swift */; };
		791EC7AF2A2606440087E453 /* Then in Frameworks */ = {isa = PBXBuildFile; productRef = 791EC7AE2A2606440087E453 /* Then */; };
		791EC7B22A26066F0087E453 /* SnapKit in Frameworks */ = {isa = PBXBuildFile; productRef = 791EC7B12A26066F0087E453 /* SnapKit */; };
		791EC7B62A2606D40087E453 /* TagVC.swift in Sources */ = {isa = PBXBuildFile; fileRef = 791EC7B52A2606D40087E453 /* TagVC.swift */; };
		7978E45F2A1F0F3F0079AA87 /* AppDelegate.swift in Sources */ = {isa = PBXBuildFile; fileRef = 7978E45E2A1F0F3F0079AA87 /* AppDelegate.swift */; };
		7978E4612A1F0F3F0079AA87 /* SceneDelegate.swift in Sources */ = {isa = PBXBuildFile; fileRef = 7978E4602A1F0F3F0079AA87 /* SceneDelegate.swift */; };
		7978E4632A1F0F3F0079AA87 /* ViewController.swift in Sources */ = {isa = PBXBuildFile; fileRef = 7978E4622A1F0F3F0079AA87 /* ViewController.swift */; };
		7978E4662A1F0F3F0079AA87 /* Main.storyboard in Resources */ = {isa = PBXBuildFile; fileRef = 7978E4642A1F0F3F0079AA87 /* Main.storyboard */; };
		7978E4682A1F0F400079AA87 /* Assets.xcassets in Resources */ = {isa = PBXBuildFile; fileRef = 7978E4672A1F0F400079AA87 /* Assets.xcassets */; };
		7978E46B2A1F0F400079AA87 /* LaunchScreen.storyboard in Resources */ = {isa = PBXBuildFile; fileRef = 7978E4692A1F0F400079AA87 /* LaunchScreen.storyboard */; };
		7978E4742A1F0F950079AA87 /* FirebaseAuth in Frameworks */ = {isa = PBXBuildFile; productRef = 7978E4732A1F0F950079AA87 /* FirebaseAuth */; };
		7978E4762A1F0F950079AA87 /* FirebaseAuthCombine-Community in Frameworks */ = {isa = PBXBuildFile; productRef = 7978E4752A1F0F950079AA87 /* FirebaseAuthCombine-Community */; };
		7978E4782A1F0F950079AA87 /* FirebaseDatabase in Frameworks */ = {isa = PBXBuildFile; productRef = 7978E4772A1F0F950079AA87 /* FirebaseDatabase */; };
		7978E47A2A1F0F950079AA87 /* FirebaseFirestore in Frameworks */ = {isa = PBXBuildFile; productRef = 7978E4792A1F0F950079AA87 /* FirebaseFirestore */; };
		7978E47C2A1F0F950079AA87 /* FirebaseFirestoreCombine-Community in Frameworks */ = {isa = PBXBuildFile; productRef = 7978E47B2A1F0F950079AA87 /* FirebaseFirestoreCombine-Community */; };
		7978E47E2A1F0F950079AA87 /* FirebaseStorage in Frameworks */ = {isa = PBXBuildFile; productRef = 7978E47D2A1F0F950079AA87 /* FirebaseStorage */; };
		7978E4802A1F0F950079AA87 /* FirebaseStorageCombine-Community in Frameworks */ = {isa = PBXBuildFile; productRef = 7978E47F2A1F0F950079AA87 /* FirebaseStorageCombine-Community */; };
		7978E48A2A1F12530079AA87 /* SignInContorller.swift in Sources */ = {isa = PBXBuildFile; fileRef = 7978E4892A1F12530079AA87 /* SignInContorller.swift */; };
		797A4D2E2A260F2F0078BBFC /* TagCV.swift in Sources */ = {isa = PBXBuildFile; fileRef = 797A4D2D2A260F2F0078BBFC /* TagCV.swift */; };
/* End PBXBuildFile section */

/* Begin PBXFileReference section */
		791EC7842A25DDC80087E453 /* UIViewExtension.swift */ = {isa = PBXFileReference; lastKnownFileType = sourcecode.swift; path = UIViewExtension.swift; sourceTree = "<group>"; };
		791EC7862A25DDDA0087E453 /* UIStackViewExtension.swift */ = {isa = PBXFileReference; lastKnownFileType = sourcecode.swift; path = UIStackViewExtension.swift; sourceTree = "<group>"; };
		791EC78A2A25E2250087E453 /* GoogleService-Info.plist */ = {isa = PBXFileReference; lastKnownFileType = text.plist; name = "GoogleService-Info.plist"; path = "myQuestion/Global/Manager/GoogleService-Info.plist"; sourceTree = SOURCE_ROOT; };
		791EC78E2A25ECE40087E453 /* User.swift */ = {isa = PBXFileReference; lastKnownFileType = sourcecode.swift; path = User.swift; sourceTree = "<group>"; };
		791EC7902A25EFEE0087E453 /* AuthManager.swift */ = {isa = PBXFileReference; lastKnownFileType = sourcecode.swift; path = AuthManager.swift; sourceTree = "<group>"; };
		791EC7962A25FD5B0087E453 /* PostCVCell.swift */ = {isa = PBXFileReference; lastKnownFileType = sourcecode.swift; path = PostCVCell.swift; sourceTree = "<group>"; };
		791EC7982A25FD620087E453 /* PostCVDelegate.swift */ = {isa = PBXFileReference; lastKnownFileType = sourcecode.swift; path = PostCVDelegate.swift; sourceTree = "<group>"; };
		791EC79B2A25FD9A0087E453 /* CustomButton.swift */ = {isa = PBXFileReference; fileEncoding = 4; lastKnownFileType = sourcecode.swift; path = CustomButton.swift; sourceTree = "<group>"; };
		791EC79D2A25FD9E0087E453 /* CustomLabel.swift */ = {isa = PBXFileReference; fileEncoding = 4; lastKnownFileType = sourcecode.swift; path = CustomLabel.swift; sourceTree = "<group>"; };
		791EC79F2A25FE8D0087E453 /* PostCV.swift */ = {isa = PBXFileReference; lastKnownFileType = sourcecode.swift; path = PostCV.swift; sourceTree = "<group>"; };
		791EC7A22A2601850087E453 /* PostCreateVC.swift */ = {isa = PBXFileReference; lastKnownFileType = sourcecode.swift; path = PostCreateVC.swift; sourceTree = "<group>"; };
		791EC7A42A2601A90087E453 /* FirebaseManager.swift */ = {isa = PBXFileReference; lastKnownFileType = sourcecode.swift; path = FirebaseManager.swift; sourceTree = "<group>"; };
		791EC7A82A2602030087E453 /* Post.swift */ = {isa = PBXFileReference; lastKnownFileType = sourcecode.swift; path = Post.swift; sourceTree = "<group>"; };
		791EC7AB2A26060E0087E453 /* TagCell.swift */ = {isa = PBXFileReference; lastKnownFileType = sourcecode.swift; path = TagCell.swift; sourceTree = "<group>"; };
		791EC7B52A2606D40087E453 /* TagVC.swift */ = {isa = PBXFileReference; lastKnownFileType = sourcecode.swift; path = TagVC.swift; sourceTree = "<group>"; };
		7978E45B2A1F0F3F0079AA87 /* myQuestion.app */ = {isa = PBXFileReference; explicitFileType = wrapper.application; includeInIndex = 0; path = myQuestion.app; sourceTree = BUILT_PRODUCTS_DIR; };
		7978E45E2A1F0F3F0079AA87 /* AppDelegate.swift */ = {isa = PBXFileReference; lastKnownFileType = sourcecode.swift; path = AppDelegate.swift; sourceTree = "<group>"; };
		7978E4602A1F0F3F0079AA87 /* SceneDelegate.swift */ = {isa = PBXFileReference; lastKnownFileType = sourcecode.swift; path = SceneDelegate.swift; sourceTree = "<group>"; };
		7978E4622A1F0F3F0079AA87 /* ViewController.swift */ = {isa = PBXFileReference; lastKnownFileType = sourcecode.swift; path = ViewController.swift; sourceTree = "<group>"; };
		7978E4652A1F0F3F0079AA87 /* Base */ = {isa = PBXFileReference; lastKnownFileType = file.storyboard; name = Base; path = Base.lproj/Main.storyboard; sourceTree = "<group>"; };
		7978E4672A1F0F400079AA87 /* Assets.xcassets */ = {isa = PBXFileReference; lastKnownFileType = folder.assetcatalog; path = Assets.xcassets; sourceTree = "<group>"; };
		7978E46A2A1F0F400079AA87 /* Base */ = {isa = PBXFileReference; lastKnownFileType = file.storyboard; name = Base; path = Base.lproj/LaunchScreen.storyboard; sourceTree = "<group>"; };
		7978E46C2A1F0F400079AA87 /* Info.plist */ = {isa = PBXFileReference; lastKnownFileType = text.plist.xml; path = Info.plist; sourceTree = "<group>"; };
		7978E4892A1F12530079AA87 /* SignInContorller.swift */ = {isa = PBXFileReference; lastKnownFileType = sourcecode.swift; path = SignInContorller.swift; sourceTree = "<group>"; };
		797A4D2D2A260F2F0078BBFC /* TagCV.swift */ = {isa = PBXFileReference; lastKnownFileType = sourcecode.swift; path = TagCV.swift; sourceTree = "<group>"; };
/* End PBXFileReference section */

/* Begin PBXFrameworksBuildPhase section */
		7978E4582A1F0F3E0079AA87 /* Frameworks */ = {
			isa = PBXFrameworksBuildPhase;
			buildActionMask = 2147483647;
			files = (
				7978E4782A1F0F950079AA87 /* FirebaseDatabase in Frameworks */,
				7978E4802A1F0F950079AA87 /* FirebaseStorageCombine-Community in Frameworks */,
				7978E47A2A1F0F950079AA87 /* FirebaseFirestore in Frameworks */,
				791EC7AF2A2606440087E453 /* Then in Frameworks */,
				7978E4742A1F0F950079AA87 /* FirebaseAuth in Frameworks */,
				7978E47C2A1F0F950079AA87 /* FirebaseFirestoreCombine-Community in Frameworks */,
				791EC7B22A26066F0087E453 /* SnapKit in Frameworks */,
				7978E4762A1F0F950079AA87 /* FirebaseAuthCombine-Community in Frameworks */,
				7978E47E2A1F0F950079AA87 /* FirebaseStorage in Frameworks */,
			);
			runOnlyForDeploymentPostprocessing = 0;
		};
/* End PBXFrameworksBuildPhase section */

/* Begin PBXGroup section */
		791EC7922A25FCC20087E453 /* Home */ = {
			isa = PBXGroup;
			children = (
				791EC79F2A25FE8D0087E453 /* PostCV.swift */,
				791EC7962A25FD5B0087E453 /* PostCVCell.swift */,
				791EC7982A25FD620087E453 /* PostCVDelegate.swift */,
			);
			path = Home;
			sourceTree = "<group>";
		};
		791EC79A2A25FD7E0087E453 /* Extension */ = {
			isa = PBXGroup;
			children = (
				791EC7842A25DDC80087E453 /* UIViewExtension.swift */,
				791EC7862A25DDDA0087E453 /* UIStackViewExtension.swift */,
				791EC79B2A25FD9A0087E453 /* CustomButton.swift */,
				791EC79D2A25FD9E0087E453 /* CustomLabel.swift */,
			);
			path = Extension;
			sourceTree = "<group>";
		};
		791EC7A12A26016B0087E453 /* CreatePost */ = {
			isa = PBXGroup;
			children = (
				791EC7A22A2601850087E453 /* PostCreateVC.swift */,
				791EC7A82A2602030087E453 /* Post.swift */,
				791EC7A42A2601A90087E453 /* FirebaseManager.swift */,
			);
			path = CreatePost;
			sourceTree = "<group>";
		};
		791EC7AA2A2606020087E453 /* Tag */ = {
			isa = PBXGroup;
			children = (
				791EC7B52A2606D40087E453 /* TagVC.swift */,
				797A4D2D2A260F2F0078BBFC /* TagCV.swift */,
				791EC7AB2A26060E0087E453 /* TagCell.swift */,
			);
			path = Tag;
			sourceTree = "<group>";
		};
		7978E4522A1F0F3E0079AA87 = {
			isa = PBXGroup;
			children = (
				7978E45D2A1F0F3F0079AA87 /* myQuestion */,
				7978E45C2A1F0F3F0079AA87 /* Products */,
			);
			sourceTree = "<group>";
		};
		7978E45C2A1F0F3F0079AA87 /* Products */ = {
			isa = PBXGroup;
			children = (
				7978E45B2A1F0F3F0079AA87 /* myQuestion.app */,
			);
			name = Products;
			sourceTree = "<group>";
		};
		7978E45D2A1F0F3F0079AA87 /* myQuestion */ = {
			isa = PBXGroup;
			children = (
				791EC7AA2A2606020087E453 /* Tag */,
				791EC7A12A26016B0087E453 /* CreatePost */,
				791EC7922A25FCC20087E453 /* Home */,
				7978E4922A1F21D40079AA87 /* Auth */,
				7978E4812A1F0FCE0079AA87 /* Utils */,
			);
			path = myQuestion;
			sourceTree = "<group>";
		};
		7978E4812A1F0FCE0079AA87 /* Utils */ = {
			isa = PBXGroup;
			children = (
				791EC79A2A25FD7E0087E453 /* Extension */,
				7978E46C2A1F0F400079AA87 /* Info.plist */,
				791EC78A2A25E2250087E453 /* GoogleService-Info.plist */,
				7978E45E2A1F0F3F0079AA87 /* AppDelegate.swift */,
				7978E4602A1F0F3F0079AA87 /* SceneDelegate.swift */,
				7978E4622A1F0F3F0079AA87 /* ViewController.swift */,
				7978E4642A1F0F3F0079AA87 /* Main.storyboard */,
				7978E4672A1F0F400079AA87 /* Assets.xcassets */,
				7978E4692A1F0F400079AA87 /* LaunchScreen.storyboard */,
			);
			path = Utils;
			sourceTree = "<group>";
		};
		7978E4922A1F21D40079AA87 /* Auth */ = {
			isa = PBXGroup;
			children = (
				791EC78E2A25ECE40087E453 /* User.swift */,
				791EC7902A25EFEE0087E453 /* AuthManager.swift */,
				7978E4892A1F12530079AA87 /* SignInContorller.swift */,
			);
			path = Auth;
			sourceTree = "<group>";
		};
/* End PBXGroup section */

/* Begin PBXNativeTarget section */
		7978E45A2A1F0F3E0079AA87 /* myQuestion */ = {
			isa = PBXNativeTarget;
			buildConfigurationList = 7978E46F2A1F0F400079AA87 /* Build configuration list for PBXNativeTarget "myQuestion" */;
			buildPhases = (
				7978E4572A1F0F3E0079AA87 /* Sources */,
				7978E4582A1F0F3E0079AA87 /* Frameworks */,
				7978E4592A1F0F3E0079AA87 /* Resources */,
			);
			buildRules = (
			);
			dependencies = (
			);
			name = myQuestion;
			packageProductDependencies = (
				7978E4732A1F0F950079AA87 /* FirebaseAuth */,
				7978E4752A1F0F950079AA87 /* FirebaseAuthCombine-Community */,
				7978E4772A1F0F950079AA87 /* FirebaseDatabase */,
				7978E4792A1F0F950079AA87 /* FirebaseFirestore */,
				7978E47B2A1F0F950079AA87 /* FirebaseFirestoreCombine-Community */,
				7978E47D2A1F0F950079AA87 /* FirebaseStorage */,
				7978E47F2A1F0F950079AA87 /* FirebaseStorageCombine-Community */,
				791EC7AE2A2606440087E453 /* Then */,
				791EC7B12A26066F0087E453 /* SnapKit */,
			);
			productName = myQuestion;
			productReference = 7978E45B2A1F0F3F0079AA87 /* myQuestion.app */;
			productType = "com.apple.product-type.application";
		};
/* End PBXNativeTarget section */

/* Begin PBXProject section */
		7978E4532A1F0F3E0079AA87 /* Project object */ = {
			isa = PBXProject;
			attributes = {
				BuildIndependentTargetsInParallel = 1;
				LastSwiftUpdateCheck = 1430;
				LastUpgradeCheck = 1430;
				TargetAttributes = {
					7978E45A2A1F0F3E0079AA87 = {
						CreatedOnToolsVersion = 14.3;
					};
				};
			};
			buildConfigurationList = 7978E4562A1F0F3E0079AA87 /* Build configuration list for PBXProject "myQuestion" */;
			compatibilityVersion = "Xcode 14.0";
			developmentRegion = en;
			hasScannedForEncodings = 0;
			knownRegions = (
				en,
				Base,
			);
			mainGroup = 7978E4522A1F0F3E0079AA87;
			packageReferences = (
				7978E4722A1F0F950079AA87 /* XCRemoteSwiftPackageReference "firebase-ios-sdk" */,
				791EC7AD2A2606440087E453 /* XCRemoteSwiftPackageReference "Then" */,
				791EC7B02A26066F0087E453 /* XCRemoteSwiftPackageReference "SnapKit" */,
			);
			productRefGroup = 7978E45C2A1F0F3F0079AA87 /* Products */;
			projectDirPath = "";
			projectRoot = "";
			targets = (
				7978E45A2A1F0F3E0079AA87 /* myQuestion */,
			);
		};
/* End PBXProject section */

/* Begin PBXResourcesBuildPhase section */
		7978E4592A1F0F3E0079AA87 /* Resources */ = {
			isa = PBXResourcesBuildPhase;
			buildActionMask = 2147483647;
			files = (
				7978E46B2A1F0F400079AA87 /* LaunchScreen.storyboard in Resources */,
				791EC78B2A25E2250087E453 /* GoogleService-Info.plist in Resources */,
				7978E4682A1F0F400079AA87 /* Assets.xcassets in Resources */,
				7978E4662A1F0F3F0079AA87 /* Main.storyboard in Resources */,
			);
			runOnlyForDeploymentPostprocessing = 0;
		};
/* End PBXResourcesBuildPhase section */

/* Begin PBXSourcesBuildPhase section */
		7978E4572A1F0F3E0079AA87 /* Sources */ = {
			isa = PBXSourcesBuildPhase;
			buildActionMask = 2147483647;
			files = (
				791EC7852A25DDC80087E453 /* UIViewExtension.swift in Sources */,
				791EC7872A25DDDA0087E453 /* UIStackViewExtension.swift in Sources */,
				791EC7972A25FD5B0087E453 /* PostCVCell.swift in Sources */,
				7978E4632A1F0F3F0079AA87 /* ViewController.swift in Sources */,
				791EC7A92A2602030087E453 /* Post.swift in Sources */,
				791EC78F2A25ECE40087E453 /* User.swift in Sources */,
				7978E45F2A1F0F3F0079AA87 /* AppDelegate.swift in Sources */,
				791EC7992A25FD620087E453 /* PostCVDelegate.swift in Sources */,
				791EC79C2A25FD9A0087E453 /* CustomButton.swift in Sources */,
				791EC79E2A25FD9E0087E453 /* CustomLabel.swift in Sources */,
				7978E48A2A1F12530079AA87 /* SignInContorller.swift in Sources */,
				791EC7A32A2601850087E453 /* PostCreateVC.swift in Sources */,
				791EC7A52A2601A90087E453 /* FirebaseManager.swift in Sources */,
				791EC7AC2A26060E0087E453 /* TagCell.swift in Sources */,
				797A4D2E2A260F2F0078BBFC /* TagCV.swift in Sources */,
				791EC7912A25EFEE0087E453 /* AuthManager.swift in Sources */,
				791EC7A02A25FE8D0087E453 /* PostCV.swift in Sources */,
				7978E4612A1F0F3F0079AA87 /* SceneDelegate.swift in Sources */,
				791EC7B62A2606D40087E453 /* TagVC.swift in Sources */,
			);
			runOnlyForDeploymentPostprocessing = 0;
		};
/* End PBXSourcesBuildPhase section */

/* Begin PBXVariantGroup section */
		7978E4642A1F0F3F0079AA87 /* Main.storyboard */ = {
			isa = PBXVariantGroup;
			children = (
				7978E4652A1F0F3F0079AA87 /* Base */,
			);
			name = Main.storyboard;
			sourceTree = "<group>";
		};
		7978E4692A1F0F400079AA87 /* LaunchScreen.storyboard */ = {
			isa = PBXVariantGroup;
			children = (
				7978E46A2A1F0F400079AA87 /* Base */,
			);
			name = LaunchScreen.storyboard;
			sourceTree = "<group>";
		};
/* End PBXVariantGroup section */

/* Begin XCBuildConfiguration section */
		7978E46D2A1F0F400079AA87 /* Debug */ = {
			isa = XCBuildConfiguration;
			buildSettings = {
				ALWAYS_SEARCH_USER_PATHS = NO;
				CLANG_ANALYZER_NONNULL = YES;
				CLANG_ANALYZER_NUMBER_OBJECT_CONVERSION = YES_AGGRESSIVE;
				CLANG_CXX_LANGUAGE_STANDARD = "gnu++20";
				CLANG_ENABLE_MODULES = YES;
				CLANG_ENABLE_OBJC_ARC = YES;
				CLANG_ENABLE_OBJC_WEAK = YES;
				CLANG_WARN_BLOCK_CAPTURE_AUTORELEASING = YES;
				CLANG_WARN_BOOL_CONVERSION = YES;
				CLANG_WARN_COMMA = YES;
				CLANG_WARN_CONSTANT_CONVERSION = YES;
				CLANG_WARN_DEPRECATED_OBJC_IMPLEMENTATIONS = YES;
				CLANG_WARN_DIRECT_OBJC_ISA_USAGE = YES_ERROR;
				CLANG_WARN_DOCUMENTATION_COMMENTS = YES;
				CLANG_WARN_EMPTY_BODY = YES;
				CLANG_WARN_ENUM_CONVERSION = YES;
				CLANG_WARN_INFINITE_RECURSION = YES;
				CLANG_WARN_INT_CONVERSION = YES;
				CLANG_WARN_NON_LITERAL_NULL_CONVERSION = YES;
				CLANG_WARN_OBJC_IMPLICIT_RETAIN_SELF = YES;
				CLANG_WARN_OBJC_LITERAL_CONVERSION = YES;
				CLANG_WARN_OBJC_ROOT_CLASS = YES_ERROR;
				CLANG_WARN_QUOTED_INCLUDE_IN_FRAMEWORK_HEADER = YES;
				CLANG_WARN_RANGE_LOOP_ANALYSIS = YES;
				CLANG_WARN_STRICT_PROTOTYPES = YES;
				CLANG_WARN_SUSPICIOUS_MOVE = YES;
				CLANG_WARN_UNGUARDED_AVAILABILITY = YES_AGGRESSIVE;
				CLANG_WARN_UNREACHABLE_CODE = YES;
				CLANG_WARN__DUPLICATE_METHOD_MATCH = YES;
				COPY_PHASE_STRIP = NO;
				DEBUG_INFORMATION_FORMAT = dwarf;
				ENABLE_STRICT_OBJC_MSGSEND = YES;
				ENABLE_TESTABILITY = YES;
				GCC_C_LANGUAGE_STANDARD = gnu11;
				GCC_DYNAMIC_NO_PIC = NO;
				GCC_NO_COMMON_BLOCKS = YES;
				GCC_OPTIMIZATION_LEVEL = 0;
				GCC_PREPROCESSOR_DEFINITIONS = (
					"DEBUG=1",
					"$(inherited)",
				);
				GCC_WARN_64_TO_32_BIT_CONVERSION = YES;
				GCC_WARN_ABOUT_RETURN_TYPE = YES_ERROR;
				GCC_WARN_UNDECLARED_SELECTOR = YES;
				GCC_WARN_UNINITIALIZED_AUTOS = YES_AGGRESSIVE;
				GCC_WARN_UNUSED_FUNCTION = YES;
				GCC_WARN_UNUSED_VARIABLE = YES;
				IPHONEOS_DEPLOYMENT_TARGET = 16.4;
				MTL_ENABLE_DEBUG_INFO = INCLUDE_SOURCE;
				MTL_FAST_MATH = YES;
				ONLY_ACTIVE_ARCH = YES;
				SDKROOT = iphoneos;
				SWIFT_ACTIVE_COMPILATION_CONDITIONS = DEBUG;
				SWIFT_OPTIMIZATION_LEVEL = "-Onone";
			};
			name = Debug;
		};
		7978E46E2A1F0F400079AA87 /* Release */ = {
			isa = XCBuildConfiguration;
			buildSettings = {
				ALWAYS_SEARCH_USER_PATHS = NO;
				CLANG_ANALYZER_NONNULL = YES;
				CLANG_ANALYZER_NUMBER_OBJECT_CONVERSION = YES_AGGRESSIVE;
				CLANG_CXX_LANGUAGE_STANDARD = "gnu++20";
				CLANG_ENABLE_MODULES = YES;
				CLANG_ENABLE_OBJC_ARC = YES;
				CLANG_ENABLE_OBJC_WEAK = YES;
				CLANG_WARN_BLOCK_CAPTURE_AUTORELEASING = YES;
				CLANG_WARN_BOOL_CONVERSION = YES;
				CLANG_WARN_COMMA = YES;
				CLANG_WARN_CONSTANT_CONVERSION = YES;
				CLANG_WARN_DEPRECATED_OBJC_IMPLEMENTATIONS = YES;
				CLANG_WARN_DIRECT_OBJC_ISA_USAGE = YES_ERROR;
				CLANG_WARN_DOCUMENTATION_COMMENTS = YES;
				CLANG_WARN_EMPTY_BODY = YES;
				CLANG_WARN_ENUM_CONVERSION = YES;
				CLANG_WARN_INFINITE_RECURSION = YES;
				CLANG_WARN_INT_CONVERSION = YES;
				CLANG_WARN_NON_LITERAL_NULL_CONVERSION = YES;
				CLANG_WARN_OBJC_IMPLICIT_RETAIN_SELF = YES;
				CLANG_WARN_OBJC_LITERAL_CONVERSION = YES;
				CLANG_WARN_OBJC_ROOT_CLASS = YES_ERROR;
				CLANG_WARN_QUOTED_INCLUDE_IN_FRAMEWORK_HEADER = YES;
				CLANG_WARN_RANGE_LOOP_ANALYSIS = YES;
				CLANG_WARN_STRICT_PROTOTYPES = YES;
				CLANG_WARN_SUSPICIOUS_MOVE = YES;
				CLANG_WARN_UNGUARDED_AVAILABILITY = YES_AGGRESSIVE;
				CLANG_WARN_UNREACHABLE_CODE = YES;
				CLANG_WARN__DUPLICATE_METHOD_MATCH = YES;
				COPY_PHASE_STRIP = NO;
				DEBUG_INFORMATION_FORMAT = "dwarf-with-dsym";
				ENABLE_NS_ASSERTIONS = NO;
				ENABLE_STRICT_OBJC_MSGSEND = YES;
				GCC_C_LANGUAGE_STANDARD = gnu11;
				GCC_NO_COMMON_BLOCKS = YES;
				GCC_WARN_64_TO_32_BIT_CONVERSION = YES;
				GCC_WARN_ABOUT_RETURN_TYPE = YES_ERROR;
				GCC_WARN_UNDECLARED_SELECTOR = YES;
				GCC_WARN_UNINITIALIZED_AUTOS = YES_AGGRESSIVE;
				GCC_WARN_UNUSED_FUNCTION = YES;
				GCC_WARN_UNUSED_VARIABLE = YES;
				IPHONEOS_DEPLOYMENT_TARGET = 16.4;
				MTL_ENABLE_DEBUG_INFO = NO;
				MTL_FAST_MATH = YES;
				SDKROOT = iphoneos;
				SWIFT_COMPILATION_MODE = wholemodule;
				SWIFT_OPTIMIZATION_LEVEL = "-O";
				VALIDATE_PRODUCT = YES;
			};
			name = Release;
		};
		7978E4702A1F0F400079AA87 /* Debug */ = {
			isa = XCBuildConfiguration;
			buildSettings = {
				ASSETCATALOG_COMPILER_APPICON_NAME = AppIcon;
				ASSETCATALOG_COMPILER_GLOBAL_ACCENT_COLOR_NAME = AccentColor;
				CODE_SIGN_STYLE = Automatic;
				CURRENT_PROJECT_VERSION = 1;
				DEVELOPMENT_TEAM = 47PZ53ZAF2;
				GENERATE_INFOPLIST_FILE = YES;
				INFOPLIST_FILE = myQuestion/Utils/Info.plist;
				INFOPLIST_KEY_UIApplicationSupportsIndirectInputEvents = YES;
				INFOPLIST_KEY_UILaunchStoryboardName = LaunchScreen;
				INFOPLIST_KEY_UIMainStoryboardFile = Main;
				INFOPLIST_KEY_UISupportedInterfaceOrientations = UIInterfaceOrientationPortrait;
				INFOPLIST_KEY_UISupportedInterfaceOrientations_iPad = "UIInterfaceOrientationLandscapeLeft UIInterfaceOrientationLandscapeRight UIInterfaceOrientationPortrait UIInterfaceOrientationPortraitUpsideDown";
				LD_RUNPATH_SEARCH_PATHS = (
					"$(inherited)",
					"@executable_path/Frameworks",
				);
				MARKETING_VERSION = 1.0;
				PRODUCT_BUNDLE_IDENTIFIER = dev.namdong.myQuestion;
				PRODUCT_NAME = "$(TARGET_NAME)";
				SUPPORTED_PLATFORMS = "iphoneos iphonesimulator";
				SUPPORTS_MACCATALYST = NO;
				SUPPORTS_MAC_DESIGNED_FOR_IPHONE_IPAD = NO;
				SWIFT_EMIT_LOC_STRINGS = YES;
				SWIFT_VERSION = 5.0;
				TARGETED_DEVICE_FAMILY = 1;
			};
			name = Debug;
		};
		7978E4712A1F0F400079AA87 /* Release */ = {
			isa = XCBuildConfiguration;
			buildSettings = {
				ASSETCATALOG_COMPILER_APPICON_NAME = AppIcon;
				ASSETCATALOG_COMPILER_GLOBAL_ACCENT_COLOR_NAME = AccentColor;
				CODE_SIGN_STYLE = Automatic;
				CURRENT_PROJECT_VERSION = 1;
				DEVELOPMENT_TEAM = 47PZ53ZAF2;
				GENERATE_INFOPLIST_FILE = YES;
				INFOPLIST_FILE = myQuestion/Utils/Info.plist;
				INFOPLIST_KEY_UIApplicationSupportsIndirectInputEvents = YES;
				INFOPLIST_KEY_UILaunchStoryboardName = LaunchScreen;
				INFOPLIST_KEY_UIMainStoryboardFile = Main;
				INFOPLIST_KEY_UISupportedInterfaceOrientations = UIInterfaceOrientationPortrait;
				INFOPLIST_KEY_UISupportedInterfaceOrientations_iPad = "UIInterfaceOrientationLandscapeLeft UIInterfaceOrientationLandscapeRight UIInterfaceOrientationPortrait UIInterfaceOrientationPortraitUpsideDown";
				LD_RUNPATH_SEARCH_PATHS = (
					"$(inherited)",
					"@executable_path/Frameworks",
				);
				MARKETING_VERSION = 1.0;
				PRODUCT_BUNDLE_IDENTIFIER = dev.namdong.myQuestion;
				PRODUCT_NAME = "$(TARGET_NAME)";
				SUPPORTED_PLATFORMS = "iphoneos iphonesimulator";
				SUPPORTS_MACCATALYST = NO;
				SUPPORTS_MAC_DESIGNED_FOR_IPHONE_IPAD = NO;
				SWIFT_EMIT_LOC_STRINGS = YES;
				SWIFT_VERSION = 5.0;
				TARGETED_DEVICE_FAMILY = 1;
			};
			name = Release;
		};
/* End XCBuildConfiguration section */

/* Begin XCConfigurationList section */
		7978E4562A1F0F3E0079AA87 /* Build configuration list for PBXProject "myQuestion" */ = {
			isa = XCConfigurationList;
			buildConfigurations = (
				7978E46D2A1F0F400079AA87 /* Debug */,
				7978E46E2A1F0F400079AA87 /* Release */,
			);
			defaultConfigurationIsVisible = 0;
			defaultConfigurationName = Release;
		};
		7978E46F2A1F0F400079AA87 /* Build configuration list for PBXNativeTarget "myQuestion" */ = {
			isa = XCConfigurationList;
			buildConfigurations = (
				7978E4702A1F0F400079AA87 /* Debug */,
				7978E4712A1F0F400079AA87 /* Release */,
			);
			defaultConfigurationIsVisible = 0;
			defaultConfigurationName = Release;
		};
/* End XCConfigurationList section */

/* Begin XCRemoteSwiftPackageReference section */
		791EC7AD2A2606440087E453 /* XCRemoteSwiftPackageReference "Then" */ = {
			isa = XCRemoteSwiftPackageReference;
			repositoryURL = "https://github.com/devxoul/Then";
			requirement = {
				kind = upToNextMajorVersion;
				minimumVersion = 3.0.0;
			};
		};
		791EC7B02A26066F0087E453 /* XCRemoteSwiftPackageReference "SnapKit" */ = {
			isa = XCRemoteSwiftPackageReference;
			repositoryURL = "https://github.com/SnapKit/SnapKit";
			requirement = {
				kind = upToNextMajorVersion;
				minimumVersion = 5.0.0;
			};
		};
		7978E4722A1F0F950079AA87 /* XCRemoteSwiftPackageReference "firebase-ios-sdk" */ = {
			isa = XCRemoteSwiftPackageReference;
			repositoryURL = "https://github.com/firebase/firebase-ios-sdk";
			requirement = {
				kind = upToNextMajorVersion;
				minimumVersion = 10.0.0;
			};
		};
/* End XCRemoteSwiftPackageReference section */

/* Begin XCSwiftPackageProductDependency section */
		791EC7AE2A2606440087E453 /* Then */ = {
			isa = XCSwiftPackageProductDependency;
			package = 791EC7AD2A2606440087E453 /* XCRemoteSwiftPackageReference "Then" */;
			productName = Then;
		};
		791EC7B12A26066F0087E453 /* SnapKit */ = {
			isa = XCSwiftPackageProductDependency;
			package = 791EC7B02A26066F0087E453 /* XCRemoteSwiftPackageReference "SnapKit" */;
			productName = SnapKit;
		};
		7978E4732A1F0F950079AA87 /* FirebaseAuth */ = {
			isa = XCSwiftPackageProductDependency;
			package = 7978E4722A1F0F950079AA87 /* XCRemoteSwiftPackageReference "firebase-ios-sdk" */;
			productName = FirebaseAuth;
		};
		7978E4752A1F0F950079AA87 /* FirebaseAuthCombine-Community */ = {
			isa = XCSwiftPackageProductDependency;
			package = 7978E4722A1F0F950079AA87 /* XCRemoteSwiftPackageReference "firebase-ios-sdk" */;
			productName = "FirebaseAuthCombine-Community";
		};
		7978E4772A1F0F950079AA87 /* FirebaseDatabase */ = {
			isa = XCSwiftPackageProductDependency;
			package = 7978E4722A1F0F950079AA87 /* XCRemoteSwiftPackageReference "firebase-ios-sdk" */;
			productName = FirebaseDatabase;
		};
		7978E4792A1F0F950079AA87 /* FirebaseFirestore */ = {
			isa = XCSwiftPackageProductDependency;
			package = 7978E4722A1F0F950079AA87 /* XCRemoteSwiftPackageReference "firebase-ios-sdk" */;
			productName = FirebaseFirestore;
		};
		7978E47B2A1F0F950079AA87 /* FirebaseFirestoreCombine-Community */ = {
			isa = XCSwiftPackageProductDependency;
			package = 7978E4722A1F0F950079AA87 /* XCRemoteSwiftPackageReference "firebase-ios-sdk" */;
			productName = "FirebaseFirestoreCombine-Community";
		};
		7978E47D2A1F0F950079AA87 /* FirebaseStorage */ = {
			isa = XCSwiftPackageProductDependency;
			package = 7978E4722A1F0F950079AA87 /* XCRemoteSwiftPackageReference "firebase-ios-sdk" */;
			productName = FirebaseStorage;
		};
		7978E47F2A1F0F950079AA87 /* FirebaseStorageCombine-Community */ = {
			isa = XCSwiftPackageProductDependency;
			package = 7978E4722A1F0F950079AA87 /* XCRemoteSwiftPackageReference "firebase-ios-sdk" */;
			productName = "FirebaseStorageCombine-Community";
		};
/* End XCSwiftPackageProductDependency section */
	};
	rootObject = 7978E4532A1F0F3E0079AA87 /* Project object */;
}
